{
    "version": 3,
    "terraform_version": "0.10.7",
    "serial": 9,
    "lineage": "3166c956-7d44-4bc4-a0cf-4462de87c0f0",
    "modules": [
        {
            "path": [
                "root"
            ],
            "outputs": {
                "elbaddress": {
                    "sensitive": false,
                    "type": "string",
                    "value": "terraform-example-elb-1916840124.us-east-2.elb.amazonaws.com"
                }
            },
            "resources": {
                "aws_elb.web": {
                    "type": "aws_elb",
                    "depends_on": [
                        "aws_instance.web",
                        "aws_security_group.elbsg",
                        "aws_subnet.default_blue",
                        "aws_subnet.default_green"
                    ],
                    "primary": {
                        "id": "terraform-example-elb",
                        "attributes": {
                            "access_logs.#": "0",
                            "availability_zones.#": "2",
                            "availability_zones.1726430690": "us-east-2b",
                            "availability_zones.4293815384": "us-east-2a",
                            "connection_draining": "false",
                            "connection_draining_timeout": "300",
                            "cross_zone_load_balancing": "true",
                            "dns_name": "terraform-example-elb-1916840124.us-east-2.elb.amazonaws.com",
                            "health_check.#": "1",
                            "health_check.0.healthy_threshold": "10",
                            "health_check.0.interval": "30",
                            "health_check.0.target": "TCP:80",
                            "health_check.0.timeout": "5",
                            "health_check.0.unhealthy_threshold": "2",
                            "id": "terraform-example-elb",
                            "idle_timeout": "60",
                            "instances.#": "1",
                            "instances.1795648798": "i-0c21e9a921b7f4b3c",
                            "internal": "false",
                            "listener.#": "1",
                            "listener.3057123346.instance_port": "80",
                            "listener.3057123346.instance_protocol": "http",
                            "listener.3057123346.lb_port": "80",
                            "listener.3057123346.lb_protocol": "http",
                            "listener.3057123346.ssl_certificate_id": "",
                            "name": "terraform-example-elb",
                            "security_groups.#": "1",
                            "security_groups.4108273307": "sg-af71f7c7",
                            "source_security_group": "198325792727/terratest_elb",
                            "source_security_group_id": "sg-af71f7c7",
                            "subnets.#": "2",
                            "subnets.2097001788": "subnet-28d99453",
                            "subnets.2300516305": "subnet-ab5f53c2",
                            "tags.%": "0",
                            "zone_id": "Z3AADJGX6KTTL2"
                        },
                        "meta": {},
                        "tainted": false
                    },
                    "deposed": [],
                    "provider": ""
                },
                "aws_instance.web": {
                    "type": "aws_instance",
                    "depends_on": [
                        "aws_security_group.default",
                        "aws_subnet.default_blue",
                        "data.aws_ami.ubuntu_xenial"
                    ],
                    "primary": {
                        "id": "i-0c21e9a921b7f4b3c",
                        "attributes": {
                            "ami": "ami-9686a4f3",
                            "associate_public_ip_address": "true",
                            "availability_zone": "us-east-2a",
                            "disable_api_termination": "false",
                            "ebs_block_device.#": "0",
                            "ebs_optimized": "false",
                            "ephemeral_block_device.#": "0",
                            "iam_instance_profile": "",
                            "id": "i-0c21e9a921b7f4b3c",
                            "instance_state": "running",
                            "instance_type": "t2.micro",
                            "ipv6_addresses.#": "0",
                            "key_name": "TerraTesting",
                            "monitoring": "false",
                            "network_interface.#": "0",
                            "network_interface_id": "eni-4741e518",
                            "primary_network_interface_id": "eni-4741e518",
                            "private_dns": "ip-10-0-1-170.us-east-2.compute.internal",
                            "private_ip": "10.0.1.170",
                            "public_dns": "",
                            "public_ip": "18.221.87.61",
                            "root_block_device.#": "1",
                            "root_block_device.0.delete_on_termination": "true",
                            "root_block_device.0.iops": "100",
                            "root_block_device.0.volume_size": "8",
                            "root_block_device.0.volume_type": "gp2",
                            "security_groups.#": "0",
                            "source_dest_check": "true",
                            "subnet_id": "subnet-ab5f53c2",
                            "tags.%": "0",
                            "tenancy": "default",
                            "volume_tags.%": "0",
                            "vpc_security_group_ids.#": "1",
                            "vpc_security_group_ids.3150343467": "sg-bc72f4d4"
                        },
                        "meta": {
                            "e2bfb730-ecaa-11e6-8f88-34363bc7c4c0": {
                                "create": 600000000000,
                                "delete": 600000000000,
                                "update": 600000000000
                            },
                            "schema_version": "1"
                        },
                        "tainted": false
                    },
                    "deposed": [],
                    "provider": ""
                },
                "aws_internet_gateway.defaultigw": {
                    "type": "aws_internet_gateway",
                    "depends_on": [
                        "aws_vpc.default"
                    ],
                    "primary": {
                        "id": "igw-6a5b2903",
                        "attributes": {
                            "id": "igw-6a5b2903",
                            "vpc_id": "vpc-392c1050"
                        },
                        "meta": {},
                        "tainted": false
                    },
                    "deposed": [],
                    "provider": ""
                },
                "aws_network_acl.defaultnacl": {
                    "type": "aws_network_acl",
                    "depends_on": [
                        "aws_vpc.default"
                    ],
                    "primary": {
                        "id": "acl-a4828ccd",
                        "attributes": {
                            "egress.#": "0",
                            "id": "acl-a4828ccd",
                            "ingress.#": "0",
                            "subnet_ids.#": "0",
                            "tags.%": "0",
                            "vpc_id": "vpc-392c1050"
                        },
                        "meta": {},
                        "tainted": false
                    },
                    "deposed": [],
                    "provider": ""
                },
                "aws_network_acl_rule.aaegress": {
                    "type": "aws_network_acl_rule",
                    "depends_on": [
                        "aws_network_acl.defaultnacl"
                    ],
                    "primary": {
                        "id": "nacl-908027929",
                        "attributes": {
                            "cidr_block": "0.0.0.0/0",
                            "egress": "true",
                            "from_port": "0",
                            "id": "nacl-908027929",
                            "ipv6_cidr_block": "",
                            "network_acl_id": "acl-a4828ccd",
                            "protocol": "all",
                            "rule_action": "allow",
                            "rule_number": "200",
                            "to_port": "0"
                        },
                        "meta": {},
                        "tainted": false
                    },
                    "deposed": [],
                    "provider": ""
                },
                "aws_network_acl_rule.aaingress": {
                    "type": "aws_network_acl_rule",
                    "depends_on": [
                        "aws_network_acl.defaultnacl"
                    ],
                    "primary": {
                        "id": "nacl-1065579573",
                        "attributes": {
                            "cidr_block": "0.0.0.0/0",
                            "egress": "false",
                            "from_port": "0",
                            "id": "nacl-1065579573",
                            "ipv6_cidr_block": "",
                            "network_acl_id": "acl-a4828ccd",
                            "protocol": "all",
                            "rule_action": "allow",
                            "rule_number": "200",
                            "to_port": "0"
                        },
                        "meta": {},
                        "tainted": false
                    },
                    "deposed": [],
                    "provider": ""
                },
                "aws_route.default_route": {
                    "type": "aws_route",
                    "depends_on": [
                        "aws_internet_gateway.defaultigw",
                        "aws_vpc.default"
                    ],
                    "primary": {
                        "id": "r-rtb-6f8497061080289494",
                        "attributes": {
                            "destination_cidr_block": "0.0.0.0/0",
                            "destination_prefix_list_id": "",
                            "egress_only_gateway_id": "",
                            "gateway_id": "igw-6a5b2903",
                            "id": "r-rtb-6f8497061080289494",
                            "instance_id": "",
                            "instance_owner_id": "",
                            "nat_gateway_id": "",
                            "network_interface_id": "",
                            "origin": "CreateRoute",
                            "route_table_id": "rtb-6f849706",
                            "state": "active",
                            "vpc_peering_connection_id": ""
                        },
                        "meta": {},
                        "tainted": false
                    },
                    "deposed": [],
                    "provider": ""
                },
                "aws_security_group.default": {
                    "type": "aws_security_group",
                    "depends_on": [
                        "aws_vpc.default"
                    ],
                    "primary": {
                        "id": "sg-bc72f4d4",
                        "attributes": {
                            "description": "Used in the terraform",
                            "egress.#": "1",
                            "egress.482069346.cidr_blocks.#": "1",
                            "egress.482069346.cidr_blocks.0": "0.0.0.0/0",
                            "egress.482069346.from_port": "0",
                            "egress.482069346.ipv6_cidr_blocks.#": "0",
                            "egress.482069346.prefix_list_ids.#": "0",
                            "egress.482069346.protocol": "-1",
                            "egress.482069346.security_groups.#": "0",
                            "egress.482069346.self": "false",
                            "egress.482069346.to_port": "0",
                            "id": "sg-bc72f4d4",
                            "ingress.#": "4",
                            "ingress.1304918234.cidr_blocks.#": "1",
                            "ingress.1304918234.cidr_blocks.0": "68.40.189.0/24",
                            "ingress.1304918234.from_port": "0",
                            "ingress.1304918234.ipv6_cidr_blocks.#": "0",
                            "ingress.1304918234.protocol": "-1",
                            "ingress.1304918234.security_groups.#": "0",
                            "ingress.1304918234.self": "false",
                            "ingress.1304918234.to_port": "0",
                            "ingress.1829582617.cidr_blocks.#": "1",
                            "ingress.1829582617.cidr_blocks.0": "10.0.0.0/16",
                            "ingress.1829582617.from_port": "443",
                            "ingress.1829582617.ipv6_cidr_blocks.#": "0",
                            "ingress.1829582617.protocol": "tcp",
                            "ingress.1829582617.security_groups.#": "0",
                            "ingress.1829582617.self": "false",
                            "ingress.1829582617.to_port": "443",
                            "ingress.1908373648.cidr_blocks.#": "1",
                            "ingress.1908373648.cidr_blocks.0": "50.224.85.2/32",
                            "ingress.1908373648.from_port": "0",
                            "ingress.1908373648.ipv6_cidr_blocks.#": "0",
                            "ingress.1908373648.protocol": "-1",
                            "ingress.1908373648.security_groups.#": "0",
                            "ingress.1908373648.self": "false",
                            "ingress.1908373648.to_port": "0",
                            "ingress.2165049311.cidr_blocks.#": "1",
                            "ingress.2165049311.cidr_blocks.0": "10.0.0.0/16",
                            "ingress.2165049311.from_port": "80",
                            "ingress.2165049311.ipv6_cidr_blocks.#": "0",
                            "ingress.2165049311.protocol": "tcp",
                            "ingress.2165049311.security_groups.#": "0",
                            "ingress.2165049311.self": "false",
                            "ingress.2165049311.to_port": "80",
                            "name": "terraform_example",
                            "owner_id": "198325792727",
                            "tags.%": "0",
                            "vpc_id": "vpc-392c1050"
                        },
                        "meta": {},
                        "tainted": false
                    },
                    "deposed": [],
                    "provider": ""
                },
                "aws_security_group.elbsg": {
                    "type": "aws_security_group",
                    "depends_on": [
                        "aws_vpc.default"
                    ],
                    "primary": {
                        "id": "sg-af71f7c7",
                        "attributes": {
                            "description": "Used for loadbalancing Blue and Green",
                            "egress.#": "1",
                            "egress.482069346.cidr_blocks.#": "1",
                            "egress.482069346.cidr_blocks.0": "0.0.0.0/0",
                            "egress.482069346.from_port": "0",
                            "egress.482069346.ipv6_cidr_blocks.#": "0",
                            "egress.482069346.prefix_list_ids.#": "0",
                            "egress.482069346.protocol": "-1",
                            "egress.482069346.security_groups.#": "0",
                            "egress.482069346.self": "false",
                            "egress.482069346.to_port": "0",
                            "id": "sg-af71f7c7",
                            "ingress.#": "4",
                            "ingress.1304918234.cidr_blocks.#": "1",
                            "ingress.1304918234.cidr_blocks.0": "68.40.189.0/24",
                            "ingress.1304918234.from_port": "0",
                            "ingress.1304918234.ipv6_cidr_blocks.#": "0",
                            "ingress.1304918234.protocol": "-1",
                            "ingress.1304918234.security_groups.#": "0",
                            "ingress.1304918234.self": "false",
                            "ingress.1304918234.to_port": "0",
                            "ingress.1908373648.cidr_blocks.#": "1",
                            "ingress.1908373648.cidr_blocks.0": "50.224.85.2/32",
                            "ingress.1908373648.from_port": "0",
                            "ingress.1908373648.ipv6_cidr_blocks.#": "0",
                            "ingress.1908373648.protocol": "-1",
                            "ingress.1908373648.security_groups.#": "0",
                            "ingress.1908373648.self": "false",
                            "ingress.1908373648.to_port": "0",
                            "ingress.2214680975.cidr_blocks.#": "1",
                            "ingress.2214680975.cidr_blocks.0": "0.0.0.0/0",
                            "ingress.2214680975.from_port": "80",
                            "ingress.2214680975.ipv6_cidr_blocks.#": "0",
                            "ingress.2214680975.protocol": "tcp",
                            "ingress.2214680975.security_groups.#": "0",
                            "ingress.2214680975.self": "false",
                            "ingress.2214680975.to_port": "80",
                            "ingress.2617001939.cidr_blocks.#": "1",
                            "ingress.2617001939.cidr_blocks.0": "0.0.0.0/0",
                            "ingress.2617001939.from_port": "443",
                            "ingress.2617001939.ipv6_cidr_blocks.#": "0",
                            "ingress.2617001939.protocol": "tcp",
                            "ingress.2617001939.security_groups.#": "0",
                            "ingress.2617001939.self": "false",
                            "ingress.2617001939.to_port": "443",
                            "name": "terratest_elb",
                            "owner_id": "198325792727",
                            "tags.%": "0",
                            "vpc_id": "vpc-392c1050"
                        },
                        "meta": {},
                        "tainted": false
                    },
                    "deposed": [],
                    "provider": ""
                },
                "aws_subnet.default_blue": {
                    "type": "aws_subnet",
                    "depends_on": [
                        "aws_vpc.default"
                    ],
                    "primary": {
                        "id": "subnet-ab5f53c2",
                        "attributes": {
                            "assign_ipv6_address_on_creation": "false",
                            "availability_zone": "us-east-2a",
                            "cidr_block": "10.0.1.0/24",
                            "id": "subnet-ab5f53c2",
                            "map_public_ip_on_launch": "true",
                            "tags.%": "0",
                            "vpc_id": "vpc-392c1050"
                        },
                        "meta": {
                            "schema_version": "1"
                        },
                        "tainted": false
                    },
                    "deposed": [],
                    "provider": ""
                },
                "aws_subnet.default_green": {
                    "type": "aws_subnet",
                    "depends_on": [
                        "aws_vpc.default"
                    ],
                    "primary": {
                        "id": "subnet-28d99453",
                        "attributes": {
                            "assign_ipv6_address_on_creation": "false",
                            "availability_zone": "us-east-2b",
                            "cidr_block": "10.0.2.0/24",
                            "id": "subnet-28d99453",
                            "map_public_ip_on_launch": "true",
                            "tags.%": "0",
                            "vpc_id": "vpc-392c1050"
                        },
                        "meta": {
                            "schema_version": "1"
                        },
                        "tainted": false
                    },
                    "deposed": [],
                    "provider": ""
                },
                "aws_vpc.default": {
                    "type": "aws_vpc",
                    "depends_on": [],
                    "primary": {
                        "id": "vpc-392c1050",
                        "attributes": {
                            "assign_generated_ipv6_cidr_block": "false",
                            "cidr_block": "10.0.0.0/16",
                            "default_network_acl_id": "acl-80848ae9",
                            "default_route_table_id": "rtb-6f849706",
                            "default_security_group_id": "sg-f670f69e",
                            "dhcp_options_id": "dopt-6e1ec107",
                            "enable_dns_hostnames": "false",
                            "enable_dns_support": "true",
                            "id": "vpc-392c1050",
                            "instance_tenancy": "default",
                            "main_route_table_id": "rtb-6f849706",
                            "tags.%": "1",
                            "tags.Name": "DefaultVPC"
                        },
                        "meta": {
                            "schema_version": "1"
                        },
                        "tainted": false
                    },
                    "deposed": [],
                    "provider": ""
                },
                "data.aws_ami.ubuntu_xenial": {
                    "type": "aws_ami",
                    "depends_on": [],
                    "primary": {
                        "id": "ami-9686a4f3",
                        "attributes": {
                            "architecture": "x86_64",
                            "block_device_mappings.#": "3",
                            "block_device_mappings.1634610537.device_name": "/dev/sdb",
                            "block_device_mappings.1634610537.ebs.%": "0",
                            "block_device_mappings.1634610537.no_device": "",
                            "block_device_mappings.1634610537.virtual_name": "ephemeral0",
                            "block_device_mappings.2547816212.device_name": "/dev/sda1",
                            "block_device_mappings.2547816212.ebs.%": "6",
                            "block_device_mappings.2547816212.ebs.delete_on_termination": "true",
                            "block_device_mappings.2547816212.ebs.encrypted": "false",
                            "block_device_mappings.2547816212.ebs.iops": "0",
                            "block_device_mappings.2547816212.ebs.snapshot_id": "snap-0ff4284e1b851d821",
                            "block_device_mappings.2547816212.ebs.volume_size": "8",
                            "block_device_mappings.2547816212.ebs.volume_type": "gp2",
                            "block_device_mappings.2547816212.no_device": "",
                            "block_device_mappings.2547816212.virtual_name": "",
                            "block_device_mappings.3850042718.device_name": "/dev/sdc",
                            "block_device_mappings.3850042718.ebs.%": "0",
                            "block_device_mappings.3850042718.no_device": "",
                            "block_device_mappings.3850042718.virtual_name": "ephemeral1",
                            "creation_date": "2017-09-21T21:20:55.000Z",
                            "description": "Canonical, Ubuntu, 16.04 LTS, amd64 xenial image build on 2017-09-19",
                            "filter.#": "2",
                            "filter.1585153008.name": "name",
                            "filter.1585153008.values.#": "1",
                            "filter.1585153008.values.0": "ubuntu/images/hvm-ssd/ubuntu-xenial-16.04-amd64-server-*",
                            "filter.490168357.name": "virtualization-type",
                            "filter.490168357.values.#": "1",
                            "filter.490168357.values.0": "hvm",
                            "hypervisor": "xen",
                            "id": "ami-9686a4f3",
                            "image_id": "ami-9686a4f3",
                            "image_location": "099720109477/ubuntu/images/hvm-ssd/ubuntu-xenial-16.04-amd64-server-20170919",
                            "image_type": "machine",
                            "most_recent": "true",
                            "name": "ubuntu/images/hvm-ssd/ubuntu-xenial-16.04-amd64-server-20170919",
                            "owner_id": "099720109477",
                            "owners.#": "1",
                            "owners.0": "099720109477",
                            "product_codes.#": "0",
                            "public": "true",
                            "root_device_name": "/dev/sda1",
                            "root_device_type": "ebs",
                            "sriov_net_support": "simple",
                            "state": "available",
                            "state_reason.%": "2",
                            "state_reason.code": "UNSET",
                            "state_reason.message": "UNSET",
                            "tags.#": "0",
                            "virtualization_type": "hvm"
                        },
                        "meta": {},
                        "tainted": false
                    },
                    "deposed": [],
                    "provider": ""
                }
            },
            "depends_on": []
        }
    ]
}
